// !$*UTF8*$!
{
	archiveVersion = 1;
	classes = {
	};
	objectVersion = 46;
	objects = {

/* Begin PBXBuildFile section */
		22CB548FACDE846781FFDE52 /* Pods_ykLive.framework in Frameworks */ = {isa = PBXBuildFile; fileRef = 5D07FD7B6CA794AC51801BEC /* Pods_ykLive.framework */; };
		CDC11CAE1EAF1296003B350E /* AppDelegate.swift in Sources */ = {isa = PBXBuildFile; fileRef = CDC11CAD1EAF1296003B350E /* AppDelegate.swift */; };
		CDC11CB01EAF1296003B350E /* ViewController.swift in Sources */ = {isa = PBXBuildFile; fileRef = CDC11CAF1EAF1296003B350E /* ViewController.swift */; };
		CDC11CB31EAF1296003B350E /* Main.storyboard in Resources */ = {isa = PBXBuildFile; fileRef = CDC11CB11EAF1296003B350E /* Main.storyboard */; };
		CDC11CB51EAF1296003B350E /* Assets.xcassets in Resources */ = {isa = PBXBuildFile; fileRef = CDC11CB41EAF1296003B350E /* Assets.xcassets */; };
		CDC11CB81EAF1296003B350E /* LaunchScreen.storyboard in Resources */ = {isa = PBXBuildFile; fileRef = CDC11CB61EAF1296003B350E /* LaunchScreen.storyboard */; };
		CDE3C2691EAF156D00198692 /* LiveTableViewController.swift in Sources */ = {isa = PBXBuildFile; fileRef = CDE3C2681EAF156D00198692 /* LiveTableViewController.swift */; };
		CDE3C2701EAF161700198692 /* Creator.swift in Sources */ = {isa = PBXBuildFile; fileRef = CDE3C26B1EAF161700198692 /* Creator.swift */; };
		CDE3C2711EAF161700198692 /* Extra.swift in Sources */ = {isa = PBXBuildFile; fileRef = CDE3C26C1EAF161700198692 /* Extra.swift */; };
		CDE3C2721EAF161700198692 /* Label.swift in Sources */ = {isa = PBXBuildFile; fileRef = CDE3C26D1EAF161700198692 /* Label.swift */; };
		CDE3C2731EAF161700198692 /* Live.swift in Sources */ = {isa = PBXBuildFile; fileRef = CDE3C26E1EAF161700198692 /* Live.swift */; };
		CDE3C2741EAF161700198692 /* LiveStream.swift in Sources */ = {isa = PBXBuildFile; fileRef = CDE3C26F1EAF161700198692 /* LiveStream.swift */; };
		CDE3C2761EAF169300198692 /* YKCell.swift in Sources */ = {isa = PBXBuildFile; fileRef = CDE3C2751EAF169300198692 /* YKCell.swift */; };
		CDEB0CDA1EAF21D100489823 /* YKTableViewCell.swift in Sources */ = {isa = PBXBuildFile; fileRef = CDEB0CD91EAF21D100489823 /* YKTableViewCell.swift */; };
		CDF7CBE51EB1CF9200C8EE69 /* IJKMediaFramework.framework in Frameworks */ = {isa = PBXBuildFile; fileRef = CDF7CBDF1EB1CF9200C8EE69 /* IJKMediaFramework.framework */; };
		CDF7CBE61EB1CF9200C8EE69 /* libbz2.tbd in Frameworks */ = {isa = PBXBuildFile; fileRef = CDF7CBE01EB1CF9200C8EE69 /* libbz2.tbd */; };
		CDF7CBE71EB1CF9200C8EE69 /* libcrypto.a in Frameworks */ = {isa = PBXBuildFile; fileRef = CDF7CBE11EB1CF9200C8EE69 /* libcrypto.a */; };
		CDF7CBE81EB1CF9200C8EE69 /* librtmp.a in Frameworks */ = {isa = PBXBuildFile; fileRef = CDF7CBE21EB1CF9200C8EE69 /* librtmp.a */; };
		CDF7CBE91EB1CF9200C8EE69 /* libssl.a in Frameworks */ = {isa = PBXBuildFile; fileRef = CDF7CBE31EB1CF9200C8EE69 /* libssl.a */; };
		CDF7CBEA1EB1CF9200C8EE69 /* libz.tbd in Frameworks */ = {isa = PBXBuildFile; fileRef = CDF7CBE41EB1CF9200C8EE69 /* libz.tbd */; };
/* End PBXBuildFile section */

/* Begin PBXFileReference section */
		0FE7DAED3B9997846C7D9CEC /* Pods-ykLive.debug.xcconfig */ = {isa = PBXFileReference; includeInIndex = 1; lastKnownFileType = text.xcconfig; name = "Pods-ykLive.debug.xcconfig"; path = "Pods/Target Support Files/Pods-ykLive/Pods-ykLive.debug.xcconfig"; sourceTree = "<group>"; };
		3AE8420AEDD02103267DECA3 /* Pods-ykLive.release.xcconfig */ = {isa = PBXFileReference; includeInIndex = 1; lastKnownFileType = text.xcconfig; name = "Pods-ykLive.release.xcconfig"; path = "Pods/Target Support Files/Pods-ykLive/Pods-ykLive.release.xcconfig"; sourceTree = "<group>"; };
		5D07FD7B6CA794AC51801BEC /* Pods_ykLive.framework */ = {isa = PBXFileReference; explicitFileType = wrapper.framework; includeInIndex = 0; path = Pods_ykLive.framework; sourceTree = BUILT_PRODUCTS_DIR; };
		CDC11CAA1EAF1296003B350E /* ykLive.app */ = {isa = PBXFileReference; explicitFileType = wrapper.application; includeInIndex = 0; path = ykLive.app; sourceTree = BUILT_PRODUCTS_DIR; };
		CDC11CAD1EAF1296003B350E /* AppDelegate.swift */ = {isa = PBXFileReference; lastKnownFileType = sourcecode.swift; path = AppDelegate.swift; sourceTree = "<group>"; };
		CDC11CAF1EAF1296003B350E /* ViewController.swift */ = {isa = PBXFileReference; lastKnownFileType = sourcecode.swift; path = ViewController.swift; sourceTree = "<group>"; };
		CDC11CB21EAF1296003B350E /* Base */ = {isa = PBXFileReference; lastKnownFileType = file.storyboard; name = Base; path = Base.lproj/Main.storyboard; sourceTree = "<group>"; };
		CDC11CB41EAF1296003B350E /* Assets.xcassets */ = {isa = PBXFileReference; lastKnownFileType = folder.assetcatalog; path = Assets.xcassets; sourceTree = "<group>"; };
		CDC11CB71EAF1296003B350E /* Base */ = {isa = PBXFileReference; lastKnownFileType = file.storyboard; name = Base; path = Base.lproj/LaunchScreen.storyboard; sourceTree = "<group>"; };
		CDC11CB91EAF1296003B350E /* Info.plist */ = {isa = PBXFileReference; lastKnownFileType = text.plist.xml; path = Info.plist; sourceTree = "<group>"; };
		CDE3C2681EAF156D00198692 /* LiveTableViewController.swift */ = {isa = PBXFileReference; fileEncoding = 4; lastKnownFileType = sourcecode.swift; path = LiveTableViewController.swift; sourceTree = "<group>"; };
		CDE3C26B1EAF161700198692 /* Creator.swift */ = {isa = PBXFileReference; fileEncoding = 4; lastKnownFileType = sourcecode.swift; path = Creator.swift; sourceTree = "<group>"; };
		CDE3C26C1EAF161700198692 /* Extra.swift */ = {isa = PBXFileReference; fileEncoding = 4; lastKnownFileType = sourcecode.swift; path = Extra.swift; sourceTree = "<group>"; };
		CDE3C26D1EAF161700198692 /* Label.swift */ = {isa = PBXFileReference; fileEncoding = 4; lastKnownFileType = sourcecode.swift; path = Label.swift; sourceTree = "<group>"; };
		CDE3C26E1EAF161700198692 /* Live.swift */ = {isa = PBXFileReference; fileEncoding = 4; lastKnownFileType = sourcecode.swift; path = Live.swift; sourceTree = "<group>"; };
		CDE3C26F1EAF161700198692 /* LiveStream.swift */ = {isa = PBXFileReference; fileEncoding = 4; lastKnownFileType = sourcecode.swift; path = LiveStream.swift; sourceTree = "<group>"; };
		CDE3C2751EAF169300198692 /* YKCell.swift */ = {isa = PBXFileReference; fileEncoding = 4; lastKnownFileType = sourcecode.swift; path = YKCell.swift; sourceTree = "<group>"; };
		CDEB0CD91EAF21D100489823 /* YKTableViewCell.swift */ = {isa = PBXFileReference; fileEncoding = 4; lastKnownFileType = sourcecode.swift; path = YKTableViewCell.swift; sourceTree = "<group>"; };
		CDEB0D071EAF561100489823 /* ykLive-Bridging-Header.h */ = {isa = PBXFileReference; lastKnownFileType = sourcecode.c.h; path = "ykLive-Bridging-Header.h"; sourceTree = "<group>"; };
		CDF7CBDF1EB1CF9200C8EE69 /* IJKMediaFramework.framework */ = {isa = PBXFileReference; lastKnownFileType = wrapper.framework; path = IJKMediaFramework.framework; sourceTree = "<group>"; };
		CDF7CBE01EB1CF9200C8EE69 /* libbz2.tbd */ = {isa = PBXFileReference; fileEncoding = 4; lastKnownFileType = "sourcecode.text-based-dylib-definition"; path = libbz2.tbd; sourceTree = "<group>"; };
		CDF7CBE11EB1CF9200C8EE69 /* libcrypto.a */ = {isa = PBXFileReference; lastKnownFileType = archive.ar; path = libcrypto.a; sourceTree = "<group>"; };
		CDF7CBE21EB1CF9200C8EE69 /* librtmp.a */ = {isa = PBXFileReference; lastKnownFileType = archive.ar; path = librtmp.a; sourceTree = "<group>"; };
		CDF7CBE31EB1CF9200C8EE69 /* libssl.a */ = {isa = PBXFileReference; lastKnownFileType = archive.ar; path = libssl.a; sourceTree = "<group>"; };
		CDF7CBE41EB1CF9200C8EE69 /* libz.tbd */ = {isa = PBXFileReference; fileEncoding = 4; lastKnownFileType = "sourcecode.text-based-dylib-definition"; path = libz.tbd; sourceTree = "<group>"; };
/* End PBXFileReference section */

/* Begin PBXFrameworksBuildPhase section */
		CDC11CA71EAF1296003B350E /* Frameworks */ = {
			isa = PBXFrameworksBuildPhase;
			buildActionMask = 2147483647;
			files = (
				CDF7CBE81EB1CF9200C8EE69 /* librtmp.a in Frameworks */,
				CDF7CBE61EB1CF9200C8EE69 /* libbz2.tbd in Frameworks */,
				CDF7CBEA1EB1CF9200C8EE69 /* libz.tbd in Frameworks */,
				CDF7CBE91EB1CF9200C8EE69 /* libssl.a in Frameworks */,
				22CB548FACDE846781FFDE52 /* Pods_ykLive.framework in Frameworks */,
				CDF7CBE71EB1CF9200C8EE69 /* libcrypto.a in Frameworks */,
				CDF7CBE51EB1CF9200C8EE69 /* IJKMediaFramework.framework in Frameworks */,
			);
			runOnlyForDeploymentPostprocessing = 0;
		};
/* End PBXFrameworksBuildPhase section */

/* Begin PBXGroup section */
		CDC11CA11EAF1296003B350E = {
			isa = PBXGroup;
			children = (
				CDC11CAC1EAF1296003B350E /* ykLive */,
				CDC11CAB1EAF1296003B350E /* Products */,
				FE469CA004CA37E5E6FB25A9 /* Pods */,
				D3ACA0581A6290FFF8183A17 /* Frameworks */,
			);
			sourceTree = "<group>";
		};
		CDC11CAB1EAF1296003B350E /* Products */ = {
			isa = PBXGroup;
			children = (
				CDC11CAA1EAF1296003B350E /* ykLive.app */,
			);
			name = Products;
			sourceTree = "<group>";
		};
		CDC11CAC1EAF1296003B350E /* ykLive */ = {
			isa = PBXGroup;
			children = (
				CDF7CBEB1EB1CF9E00C8EE69 /* framework */,
				CDE3C26A1EAF161700198692 /* model */,
				CDC11CAD1EAF1296003B350E /* AppDelegate.swift */,
				CDC11CAF1EAF1296003B350E /* ViewController.swift */,
				CDC11CB11EAF1296003B350E /* Main.storyboard */,
				CDC11CB41EAF1296003B350E /* Assets.xcassets */,
				CDC11CB61EAF1296003B350E /* LaunchScreen.storyboard */,
				CDC11CB91EAF1296003B350E /* Info.plist */,
				CDE3C2681EAF156D00198692 /* LiveTableViewController.swift */,
				CDEB0CD91EAF21D100489823 /* YKTableViewCell.swift */,
				CDEB0D071EAF561100489823 /* ykLive-Bridging-Header.h */,
			);
			path = ykLive;
			sourceTree = "<group>";
		};
		CDE3C26A1EAF161700198692 /* model */ = {
			isa = PBXGroup;
			children = (
				CDE3C26B1EAF161700198692 /* Creator.swift */,
				CDE3C26C1EAF161700198692 /* Extra.swift */,
				CDE3C26D1EAF161700198692 /* Label.swift */,
				CDE3C26E1EAF161700198692 /* Live.swift */,
				CDE3C26F1EAF161700198692 /* LiveStream.swift */,
				CDE3C2751EAF169300198692 /* YKCell.swift */,
			);
			path = model;
			sourceTree = "<group>";
		};
		CDF7CBEB1EB1CF9E00C8EE69 /* framework */ = {
			isa = PBXGroup;
			children = (
				CDF7CBDF1EB1CF9200C8EE69 /* IJKMediaFramework.framework */,
				CDF7CBE01EB1CF9200C8EE69 /* libbz2.tbd */,
				CDF7CBE11EB1CF9200C8EE69 /* libcrypto.a */,
				CDF7CBE21EB1CF9200C8EE69 /* librtmp.a */,
				CDF7CBE31EB1CF9200C8EE69 /* libssl.a */,
				CDF7CBE41EB1CF9200C8EE69 /* libz.tbd */,
			);
			name = framework;
			path = model;
			sourceTree = "<group>";
		};
		D3ACA0581A6290FFF8183A17 /* Frameworks */ = {
			isa = PBXGroup;
			children = (
				5D07FD7B6CA794AC51801BEC /* Pods_ykLive.framework */,
			);
			name = Frameworks;
			sourceTree = "<group>";
		};
		FE469CA004CA37E5E6FB25A9 /* Pods */ = {
			isa = PBXGroup;
			children = (
				0FE7DAED3B9997846C7D9CEC /* Pods-ykLive.debug.xcconfig */,
				3AE8420AEDD02103267DECA3 /* Pods-ykLive.release.xcconfig */,
			);
			name = Pods;
			sourceTree = "<group>";
		};
/* End PBXGroup section */

/* Begin PBXNativeTarget section */
		CDC11CA91EAF1296003B350E /* ykLive */ = {
			isa = PBXNativeTarget;
			buildConfigurationList = CDC11CBC1EAF1296003B350E /* Build configuration list for PBXNativeTarget "ykLive" */;
			buildPhases = (
				AD30EC1B579F055926705FFF /* [CP] Check Pods Manifest.lock */,
				CDC11CA61EAF1296003B350E /* Sources */,
				CDC11CA71EAF1296003B350E /* Frameworks */,
				CDC11CA81EAF1296003B350E /* Resources */,
				BA9558F662E02C3AF00624E2 /* [CP] Embed Pods Frameworks */,
				23332DAE249D17DC3C92FBDD /* [CP] Copy Pods Resources */,
			);
			buildRules = (
			);
			dependencies = (
			);
			name = ykLive;
			productName = ykLive;
			productReference = CDC11CAA1EAF1296003B350E /* ykLive.app */;
			productType = "com.apple.product-type.application";
		};
/* End PBXNativeTarget section */

/* Begin PBXProject section */
		CDC11CA21EAF1296003B350E /* Project object */ = {
			isa = PBXProject;
			attributes = {
				LastSwiftUpdateCheck = 0820;
				LastUpgradeCheck = 0820;
				ORGANIZATIONNAME = xiaomo;
				TargetAttributes = {
					CDC11CA91EAF1296003B350E = {
						CreatedOnToolsVersion = 8.2.1;
						DevelopmentTeam = 86WZPAWRAE;
						LastSwiftMigration = 0820;
						ProvisioningStyle = Automatic;
					};
				};
			};
			buildConfigurationList = CDC11CA51EAF1296003B350E /* Build configuration list for PBXProject "ykLive" */;
			compatibilityVersion = "Xcode 3.2";
			developmentRegion = English;
			hasScannedForEncodings = 0;
			knownRegions = (
				en,
				Base,
			);
			mainGroup = CDC11CA11EAF1296003B350E;
			productRefGroup = CDC11CAB1EAF1296003B350E /* Products */;
			projectDirPath = "";
			projectRoot = "";
			targets = (
				CDC11CA91EAF1296003B350E /* ykLive */,
			);
		};
/* End PBXProject section */

/* Begin PBXResourcesBuildPhase section */
		CDC11CA81EAF1296003B350E /* Resources */ = {
			isa = PBXResourcesBuildPhase;
			buildActionMask = 2147483647;
			files = (
				CDC11CB81EAF1296003B350E /* LaunchScreen.storyboard in Resources */,
				CDC11CB51EAF1296003B350E /* Assets.xcassets in Resources */,
				CDC11CB31EAF1296003B350E /* Main.storyboard in Resources */,
			);
			runOnlyForDeploymentPostprocessing = 0;
		};
/* End PBXResourcesBuildPhase section */

/* Begin PBXShellScriptBuildPhase section */
		23332DAE249D17DC3C92FBDD /* [CP] Copy Pods Resources */ = {
			isa = PBXShellScriptBuildPhase;
			buildActionMask = 2147483647;
			files = (
			);
			inputPaths = (
			);
			name = "[CP] Copy Pods Resources";
			outputPaths = (
			);
			runOnlyForDeploymentPostprocessing = 0;
			shellPath = /bin/sh;
			shellScript = "\"${SRCROOT}/Pods/Target Support Files/Pods-ykLive/Pods-ykLive-resources.sh\"\n";
			showEnvVarsInLog = 0;
		};
		AD30EC1B579F055926705FFF /* [CP] Check Pods Manifest.lock */ = {
			isa = PBXShellScriptBuildPhase;
			buildActionMask = 2147483647;
			files = (
			);
			inputPaths = (
			);
			name = "[CP] Check Pods Manifest.lock";
			outputPaths = (
			);
			runOnlyForDeploymentPostprocessing = 0;
			shellPath = /bin/sh;
			shellScript = "diff \"${PODS_PODFILE_DIR_PATH}/Podfile.lock\" \"${PODS_ROOT}/Manifest.lock\" > /dev/null\nif [ $? != 0 ] ; then\n    # print error to STDERR\n    echo \"error: The sandbox is not in sync with the Podfile.lock. Run 'pod install' or update your CocoaPods installation.\" >&2\n    exit 1\nfi\n";
			showEnvVarsInLog = 0;
		};
		BA9558F662E02C3AF00624E2 /* [CP] Embed Pods Frameworks */ = {
			isa = PBXShellScriptBuildPhase;
			buildActionMask = 2147483647;
			files = (
			);
			inputPaths = (
			);
			name = "[CP] Embed Pods Frameworks";
			outputPaths = (
			);
			runOnlyForDeploymentPostprocessing = 0;
			shellPath = /bin/sh;
			shellScript = "\"${SRCROOT}/Pods/Target Support Files/Pods-ykLive/Pods-ykLive-frameworks.sh\"\n";
			showEnvVarsInLog = 0;
		};
/* End PBXShellScriptBuildPhase section */

/* Begin PBXSourcesBuildPhase section */
		CDC11CA61EAF1296003B350E /* Sources */ = {
			isa = PBXSourcesBuildPhase;
			buildActionMask = 2147483647;
			files = (
				CDE3C2761EAF169300198692 /* YKCell.swift in Sources */,
				CDE3C2701EAF161700198692 /* Creator.swift in Sources */,
				CDE3C2691EAF156D00198692 /* LiveTableViewController.swift in Sources */,
				CDE3C2731EAF161700198692 /* Live.swift in Sources */,
				CDE3C2721EAF161700198692 /* Label.swift in Sources */,
				CDEB0CDA1EAF21D100489823 /* YKTableViewCell.swift in Sources */,
				CDE3C2711EAF161700198692 /* Extra.swift in Sources */,
				CDC11CB01EAF1296003B350E /* ViewController.swift in Sources */,
				CDC11CAE1EAF1296003B350E /* AppDelegate.swift in Sources */,
				CDE3C2741EAF161700198692 /* LiveStream.swift in Sources */,
			);
			runOnlyForDeploymentPostprocessing = 0;
		};
/* End PBXSourcesBuildPhase section */

/* Begin PBXVariantGroup section */
		CDC11CB11EAF1296003B350E /* Main.storyboard */ = {
			isa = PBXVariantGroup;
			children = (
				CDC11CB21EAF1296003B350E /* Base */,
			);
			name = Main.storyboard;
			sourceTree = "<group>";
		};
		CDC11CB61EAF1296003B350E /* LaunchScreen.storyboard */ = {
			isa = PBXVariantGroup;
			children = (
				CDC11CB71EAF1296003B350E /* Base */,
			);
			name = LaunchScreen.storyboard;
			sourceTree = "<group>";
		};
/* End PBXVariantGroup section */

/* Begin XCBuildConfiguration section */
		CDC11CBA1EAF1296003B350E /* Debug */ = {
			isa = XCBuildConfiguration;
			buildSettings = {
				ALWAYS_SEARCH_USER_PATHS = NO;
				CLANG_ANALYZER_NONNULL = YES;
				CLANG_CXX_LANGUAGE_STANDARD = "gnu++0x";
				CLANG_CXX_LIBRARY = "libc++";
				CLANG_ENABLE_MODULES = YES;
				CLANG_ENABLE_OBJC_ARC = YES;
				CLANG_WARN_BOOL_CONVERSION = YES;
				CLANG_WARN_CONSTANT_CONVERSION = YES;
				CLANG_WARN_DIRECT_OBJC_ISA_USAGE = YES_ERROR;
				CLANG_WARN_DOCUMENTATION_COMMENTS = YES;
				CLANG_WARN_EMPTY_BODY = YES;
				CLANG_WARN_ENUM_CONVERSION = YES;
				CLANG_WARN_INFINITE_RECURSION = YES;
				CLANG_WARN_INT_CONVERSION = YES;
				CLANG_WARN_OBJC_ROOT_CLASS = YES_ERROR;
				CLANG_WARN_SUSPICIOUS_MOVE = YES;
				CLANG_WARN_UNREACHABLE_CODE = YES;
				CLANG_WARN__DUPLICATE_METHOD_MATCH = YES;
				"CODE_SIGN_IDENTITY[sdk=iphoneos*]" = "iPhone Developer";
				COPY_PHASE_STRIP = NO;
				DEBUG_INFORMATION_FORMAT = dwarf;
				ENABLE_STRICT_OBJC_MSGSEND = YES;
				ENABLE_TESTABILITY = YES;
				GCC_C_LANGUAGE_STANDARD = gnu99;
				GCC_DYNAMIC_NO_PIC = NO;
				GCC_NO_COMMON_BLOCKS = YES;
				GCC_OPTIMIZATION_LEVEL = 0;
				GCC_PREPROCESSOR_DEFINITIONS = (
					"DEBUG=1",
					"$(inherited)",
				);
				GCC_WARN_64_TO_32_BIT_CONVERSION = YES;
				GCC_WARN_ABOUT_RETURN_TYPE = YES_ERROR;
				GCC_WARN_UNDECLARED_SELECTOR = YES;
				GCC_WARN_UNINITIALIZED_AUTOS = YES_AGGRESSIVE;
				GCC_WARN_UNUSED_FUNCTION = YES;
				GCC_WARN_UNUSED_VARIABLE = YES;
				IPHONEOS_DEPLOYMENT_TARGET = 10.2;
				MTL_ENABLE_DEBUG_INFO = YES;
				ONLY_ACTIVE_ARCH = YES;
				SDKROOT = iphoneos;
				SWIFT_ACTIVE_COMPILATION_CONDITIONS = DEBUG;
				SWIFT_OPTIMIZATION_LEVEL = "-Onone";
			};
			name = Debug;
		};
		CDC11CBB1EAF1296003B350E /* Release */ = {
			isa = XCBuildConfiguration;
			buildSettings = {
				ALWAYS_SEARCH_USER_PATHS = NO;
				CLANG_ANALYZER_NONNULL = YES;
				CLANG_CXX_LANGUAGE_STANDARD = "gnu++0x";
				CLANG_CXX_LIBRARY = "libc++";
				CLANG_ENABLE_MODULES = YES;
				CLANG_ENABLE_OBJC_ARC = YES;
				CLANG_WARN_BOOL_CONVERSION = YES;
				CLANG_WARN_CONSTANT_CONVERSION = YES;
				CLANG_WARN_DIRECT_OBJC_ISA_USAGE = YES_ERROR;
				CLANG_WARN_DOCUMENTATION_COMMENTS = YES;
				CLANG_WARN_EMPTY_BODY = YES;
				CLANG_WARN_ENUM_CONVERSION = YES;
				CLANG_WARN_INFINITE_RECURSION = YES;
				CLANG_WARN_INT_CONVERSION = YES;
				CLANG_WARN_OBJC_ROOT_CLASS = YES_ERROR;
				CLANG_WARN_SUSPICIOUS_MOVE = YES;
				CLANG_WARN_UNREACHABLE_CODE = YES;
				CLANG_WARN__DUPLICATE_METHOD_MATCH = YES;
				"CODE_SIGN_IDENTITY[sdk=iphoneos*]" = "iPhone Developer";
				COPY_PHASE_STRIP = NO;
				DEBUG_INFORMATION_FORMAT = "dwarf-with-dsym";
				ENABLE_NS_ASSERTIONS = NO;
				ENABLE_STRICT_OBJC_MSGSEND = YES;
				GCC_C_LANGUAGE_STANDARD = gnu99;
				GCC_NO_COMMON_BLOCKS = YES;
				GCC_WARN_64_TO_32_BIT_CONVERSION = YES;
				GCC_WARN_ABOUT_RETURN_TYPE = YES_ERROR;
				GCC_WARN_UNDECLARED_SELECTOR = YES;
				GCC_WARN_UNINITIALIZED_AUTOS = YES_AGGRESSIVE;
				GCC_WARN_UNUSED_FUNCTION = YES;
				GCC_WARN_UNUSED_VARIABLE = YES;
				IPHONEOS_DEPLOYMENT_TARGET = 10.2;
				MTL_ENABLE_DEBUG_INFO = NO;
				SDKROOT = iphoneos;
				SWIFT_OPTIMIZATION_LEVEL = "-Owholemodule";
				VALIDATE_PRODUCT = YES;
			};
			name = Release;
		};
		CDC11CBD1EAF1296003B350E /* Debug */ = {
			isa = XCBuildConfiguration;
			baseConfigurationReference = 0FE7DAED3B9997846C7D9CEC /* Pods-ykLive.debug.xcconfig */;
			buildSettings = {
				ASSETCATALOG_COMPILER_APPICON_NAME = AppIcon;
				CLANG_ENABLE_MODULES = YES;
				DEVELOPMENT_TEAM = 86WZPAWRAE;
				FRAMEWORK_SEARCH_PATHS = (
					"$(inherited)",
					"$(PROJECT_DIR)/ykLive",
					"$(PROJECT_DIR)/ykLive/model",
				);
				INFOPLIST_FILE = ykLive/Info.plist;
				IPHONEOS_DEPLOYMENT_TARGET = 10.2;
				LD_RUNPATH_SEARCH_PATHS = "$(inherited) @executable_path/Frameworks";
				LIBRARY_SEARCH_PATHS = (
					"$(inherited)",
					"$(PROJECT_DIR)/ykLive",
					"$(PROJECT_DIR)/ykLive/model",
				);
				PRODUCT_BUNDLE_IDENTIFIER = info.xiaomo.ykLive;
				PRODUCT_NAME = "$(TARGET_NAME)";
				SWIFT_OBJC_BRIDGING_HEADER = "ykLive/ykLive-Bridging-Header.h";
				SWIFT_OPTIMIZATION_LEVEL = "-Onone";
				SWIFT_VERSION = 3.0;
			};
			name = Debug;
		};
		CDC11CBE1EAF1296003B350E /* Release */ = {
			isa = XCBuildConfiguration;
			baseConfigurationReference = 3AE8420AEDD02103267DECA3 /* Pods-ykLive.release.xcconfig */;
			buildSettings = {
				ASSETCATALOG_COMPILER_APPICON_NAME = AppIcon;
				CLANG_ENABLE_MODULES = YES;
				DEVELOPMENT_TEAM = 86WZPAWRAE;
				FRAMEWORK_SEARCH_PATHS = (
					"$(inherited)",
					"$(PROJECT_DIR)/ykLive",
					"$(PROJECT_DIR)/ykLive/model",
				);
				INFOPLIST_FILE = ykLive/Info.plist;
				IPHONEOS_DEPLOYMENT_TARGET = 10.2;
				LD_RUNPATH_SEARCH_PATHS = "$(inherited) @executable_path/Frameworks";
				LIBRARY_SEARCH_PATHS = (
					"$(inherited)",
					"$(PROJECT_DIR)/ykLive",
					"$(PROJECT_DIR)/ykLive/model",
				);
				PRODUCT_BUNDLE_IDENTIFIER = info.xiaomo.ykLive;
				PRODUCT_NAME = "$(TARGET_NAME)";
				SWIFT_OBJC_BRIDGING_HEADER = "ykLive/ykLive-Bridging-Header.h";
				SWIFT_VERSION = 3.0;
			};
			name = Release;
		};
/* End XCBuildConfiguration section */

/* Begin XCConfigurationList section */
		CDC11CA51EAF1296003B350E /* Build configuration list for PBXProject "ykLive" */ = {
			isa = XCConfigurationList;
			buildConfigurations = (
				CDC11CBA1EAF1296003B350E /* Debug */,
				CDC11CBB1EAF1296003B350E /* Release */,
			);
			defaultConfigurationIsVisible = 0;
			defaultConfigurationName = Release;
		};
		CDC11CBC1EAF1296003B350E /* Build configuration list for PBXNativeTarget "ykLive" */ = {
			isa = XCConfigurationList;
			buildConfigurations = (
				CDC11CBD1EAF1296003B350E /* Debug */,
				CDC11CBE1EAF1296003B350E /* Release */,
			);
			defaultConfigurationIsVisible = 0;
			defaultConfigurationName = Release;
		};
/* End XCConfigurationList section */
	};
	rootObject = CDC11CA21EAF1296003B350E /* Project object */;
}
