PODS:
  - Alamofire (4.4.0)
  - SnapKit (3.2.0)
  - SwiftyJSON (3.1.4)
  - SWRevealViewController (2.3.0)

DEPENDENCIES:
  - Alamofire (~> 4.4)
  - SnapKit (~> 3.2.0)
  - SwiftyJSON
  - SWRevealViewController

SPEC CHECKSUMS:
  Alamofire: dc44b1600b800eb63da6a19039a0083d62a6a62d
  SnapKit: 1ca44df72cfa543218d177cb8aab029d10d86ea7
  SwiftyJSON: c2842d878f95482ffceec5709abc3d05680c0220
  SWRevealViewController: 6d3fd97f70112fd7cef9de14df4260eacce4c63a

PODFILE CHECKSUM: ead165165e40763092b5aa6353241ee2bf22e859

COCOAPODS: 1.2.1
