// !$*UTF8*$!
{
	archiveVersion = 1;
	classes = {
	};
	objectVersion = 46;
	objects = {

/* Begin PBXBuildFile section */
		CD3A60BF1ECFDB7C000B1940 /* TableViewController.swift in Sources */ = {isa = PBXBuildFile; fileRef = CD3A60BE1ECFDB7C000B1940 /* TableViewController.swift */; };
		CD5ECFC91ECFDFA300C2B1FD /* TodoContentCellTableViewCell.swift in Sources */ = {isa = PBXBuildFile; fileRef = CD5ECFC81ECFDFA300C2B1FD /* TodoContentCellTableViewCell.swift */; };
		CDBABDC21ECBF22800EF0B5F /* AppDelegate.swift in Sources */ = {isa = PBXBuildFile; fileRef = CDBABDC11ECBF22800EF0B5F /* AppDelegate.swift */; };
		CDBABDC71ECBF22800EF0B5F /* Main.storyboard in Resources */ = {isa = PBXBuildFile; fileRef = CDBABDC51ECBF22800EF0B5F /* Main.storyboard */; };
		CDBABDC91ECBF22800EF0B5F /* Assets.xcassets in Resources */ = {isa = PBXBuildFile; fileRef = CDBABDC81ECBF22800EF0B5F /* Assets.xcassets */; };
		CDBABDCC1ECBF22800EF0B5F /* LaunchScreen.storyboard in Resources */ = {isa = PBXBuildFile; fileRef = CDBABDCA1ECBF22800EF0B5F /* LaunchScreen.storyboard */; };
/* End PBXBuildFile section */

/* Begin PBXFileReference section */
		CD3A60BE1ECFDB7C000B1940 /* TableViewController.swift */ = {isa = PBXFileReference; fileEncoding = 4; lastKnownFileType = sourcecode.swift; path = TableViewController.swift; sourceTree = "<group>"; };
		CD5ECFC81ECFDFA300C2B1FD /* TodoContentCellTableViewCell.swift */ = {isa = PBXFileReference; fileEncoding = 4; lastKnownFileType = sourcecode.swift; path = TodoContentCellTableViewCell.swift; sourceTree = "<group>"; };
		CDBABDBE1ECBF22800EF0B5F /* TodoList.app */ = {isa = PBXFileReference; explicitFileType = wrapper.application; includeInIndex = 0; path = TodoList.app; sourceTree = BUILT_PRODUCTS_DIR; };
		CDBABDC11ECBF22800EF0B5F /* AppDelegate.swift */ = {isa = PBXFileReference; lastKnownFileType = sourcecode.swift; path = AppDelegate.swift; sourceTree = "<group>"; };
		CDBABDC61ECBF22800EF0B5F /* Base */ = {isa = PBXFileReference; lastKnownFileType = file.storyboard; name = Base; path = Base.lproj/Main.storyboard; sourceTree = "<group>"; };
		CDBABDC81ECBF22800EF0B5F /* Assets.xcassets */ = {isa = PBXFileReference; lastKnownFileType = folder.assetcatalog; path = Assets.xcassets; sourceTree = "<group>"; };
		CDBABDCB1ECBF22800EF0B5F /* Base */ = {isa = PBXFileReference; lastKnownFileType = file.storyboard; name = Base; path = Base.lproj/LaunchScreen.storyboard; sourceTree = "<group>"; };
		CDBABDCD1ECBF22800EF0B5F /* Info.plist */ = {isa = PBXFileReference; lastKnownFileType = text.plist.xml; path = Info.plist; sourceTree = "<group>"; };
/* End PBXFileReference section */

/* Begin PBXFrameworksBuildPhase section */
		CDBABDBB1ECBF22700EF0B5F /* Frameworks */ = {
			isa = PBXFrameworksBuildPhase;
			buildActionMask = 2147483647;
			files = (
			);
			runOnlyForDeploymentPostprocessing = 0;
		};
/* End PBXFrameworksBuildPhase section */

/* Begin PBXGroup section */
		CDBABDB51ECBF22700EF0B5F = {
			isa = PBXGroup;
			children = (
				CDBABDC01ECBF22800EF0B5F /* TodoList */,
				CDBABDBF1ECBF22800EF0B5F /* Products */,
			);
			sourceTree = "<group>";
		};
		CDBABDBF1ECBF22800EF0B5F /* Products */ = {
			isa = PBXGroup;
			children = (
				CDBABDBE1ECBF22800EF0B5F /* TodoList.app */,
			);
			name = Products;
			sourceTree = "<group>";
		};
		CDBABDC01ECBF22800EF0B5F /* TodoList */ = {
			isa = PBXGroup;
			children = (
				CDBABDC11ECBF22800EF0B5F /* AppDelegate.swift */,
				CDBABDC51ECBF22800EF0B5F /* Main.storyboard */,
				CDBABDC81ECBF22800EF0B5F /* Assets.xcassets */,
				CDBABDCA1ECBF22800EF0B5F /* LaunchScreen.storyboard */,
				CDBABDCD1ECBF22800EF0B5F /* Info.plist */,
				CD3A60BE1ECFDB7C000B1940 /* TableViewController.swift */,
				CD5ECFC81ECFDFA300C2B1FD /* TodoContentCellTableViewCell.swift */,
			);
			path = TodoList;
			sourceTree = "<group>";
		};
/* End PBXGroup section */

/* Begin PBXNativeTarget section */
		CDBABDBD1ECBF22700EF0B5F /* TodoList */ = {
			isa = PBXNativeTarget;
			buildConfigurationList = CDBABDD01ECBF22800EF0B5F /* Build configuration list for PBXNativeTarget "TodoList" */;
			buildPhases = (
				CDBABDBA1ECBF22700EF0B5F /* Sources */,
				CDBABDBB1ECBF22700EF0B5F /* Frameworks */,
				CDBABDBC1ECBF22700EF0B5F /* Resources */,
			);
			buildRules = (
			);
			dependencies = (
			);
			name = TodoList;
			productName = TodoList;
			productReference = CDBABDBE1ECBF22800EF0B5F /* TodoList.app */;
			productType = "com.apple.product-type.application";
		};
/* End PBXNativeTarget section */

/* Begin PBXProject section */
		CDBABDB61ECBF22700EF0B5F /* Project object */ = {
			isa = PBXProject;
			attributes = {
				LastSwiftUpdateCheck = 0820;
				LastUpgradeCheck = 0820;
				ORGANIZATIONNAME = xiaomo;
				TargetAttributes = {
					CDBABDBD1ECBF22700EF0B5F = {
						CreatedOnToolsVersion = 8.2.1;
						DevelopmentTeam = 86WZPAWRAE;
						ProvisioningStyle = Automatic;
					};
				};
			};
			buildConfigurationList = CDBABDB91ECBF22700EF0B5F /* Build configuration list for PBXProject "TodoList" */;
			compatibilityVersion = "Xcode 3.2";
			developmentRegion = English;
			hasScannedForEncodings = 0;
			knownRegions = (
				en,
				Base,
			);
			mainGroup = CDBABDB51ECBF22700EF0B5F;
			productRefGroup = CDBABDBF1ECBF22800EF0B5F /* Products */;
			projectDirPath = "";
			projectRoot = "";
			targets = (
				CDBABDBD1ECBF22700EF0B5F /* TodoList */,
			);
		};
/* End PBXProject section */

/* Begin PBXResourcesBuildPhase section */
		CDBABDBC1ECBF22700EF0B5F /* Resources */ = {
			isa = PBXResourcesBuildPhase;
			buildActionMask = 2147483647;
			files = (
				CDBABDCC1ECBF22800EF0B5F /* LaunchScreen.storyboard in Resources */,
				CDBABDC91ECBF22800EF0B5F /* Assets.xcassets in Resources */,
				CDBABDC71ECBF22800EF0B5F /* Main.storyboard in Resources */,
			);
			runOnlyForDeploymentPostprocessing = 0;
		};
/* End PBXResourcesBuildPhase section */

/* Begin PBXSourcesBuildPhase section */
		CDBABDBA1ECBF22700EF0B5F /* Sources */ = {
			isa = PBXSourcesBuildPhase;
			buildActionMask = 2147483647;
			files = (
				CD5ECFC91ECFDFA300C2B1FD /* TodoContentCellTableViewCell.swift in Sources */,
				CD3A60BF1ECFDB7C000B1940 /* TableViewController.swift in Sources */,
				CDBABDC21ECBF22800EF0B5F /* AppDelegate.swift in Sources */,
			);
			runOnlyForDeploymentPostprocessing = 0;
		};
/* End PBXSourcesBuildPhase section */

/* Begin PBXVariantGroup section */
		CDBABDC51ECBF22800EF0B5F /* Main.storyboard */ = {
			isa = PBXVariantGroup;
			children = (
				CDBABDC61ECBF22800EF0B5F /* Base */,
			);
			name = Main.storyboard;
			sourceTree = "<group>";
		};
		CDBABDCA1ECBF22800EF0B5F /* LaunchScreen.storyboard */ = {
			isa = PBXVariantGroup;
			children = (
				CDBABDCB1ECBF22800EF0B5F /* Base */,
			);
			name = LaunchScreen.storyboard;
			sourceTree = "<group>";
		};
/* End PBXVariantGroup section */

/* Begin XCBuildConfiguration section */
		CDBABDCE1ECBF22800EF0B5F /* Debug */ = {
			isa = XCBuildConfiguration;
			buildSettings = {
				ALWAYS_SEARCH_USER_PATHS = NO;
				CLANG_ANALYZER_NONNULL = YES;
				CLANG_CXX_LANGUAGE_STANDARD = "gnu++0x";
				CLANG_CXX_LIBRARY = "libc++";
				CLANG_ENABLE_MODULES = YES;
				CLANG_ENABLE_OBJC_ARC = YES;
				CLANG_WARN_BOOL_CONVERSION = YES;
				CLANG_WARN_CONSTANT_CONVERSION = YES;
				CLANG_WARN_DIRECT_OBJC_ISA_USAGE = YES_ERROR;
				CLANG_WARN_DOCUMENTATION_COMMENTS = YES;
				CLANG_WARN_EMPTY_BODY = YES;
				CLANG_WARN_ENUM_CONVERSION = YES;
				CLANG_WARN_INFINITE_RECURSION = YES;
				CLANG_WARN_INT_CONVERSION = YES;
				CLANG_WARN_OBJC_ROOT_CLASS = YES_ERROR;
				CLANG_WARN_SUSPICIOUS_MOVE = YES;
				CLANG_WARN_UNREACHABLE_CODE = YES;
				CLANG_WARN__DUPLICATE_METHOD_MATCH = YES;
				"CODE_SIGN_IDENTITY[sdk=iphoneos*]" = "iPhone Developer";
				COPY_PHASE_STRIP = NO;
				DEBUG_INFORMATION_FORMAT = dwarf;
				ENABLE_STRICT_OBJC_MSGSEND = YES;
				ENABLE_TESTABILITY = YES;
				GCC_C_LANGUAGE_STANDARD = gnu99;
				GCC_DYNAMIC_NO_PIC = NO;
				GCC_NO_COMMON_BLOCKS = YES;
				GCC_OPTIMIZATION_LEVEL = 0;
				GCC_PREPROCESSOR_DEFINITIONS = (
					"DEBUG=1",
					"$(inherited)",
				);
				GCC_WARN_64_TO_32_BIT_CONVERSION = YES;
				GCC_WARN_ABOUT_RETURN_TYPE = YES_ERROR;
				GCC_WARN_UNDECLARED_SELECTOR = YES;
				GCC_WARN_UNINITIALIZED_AUTOS = YES_AGGRESSIVE;
				GCC_WARN_UNUSED_FUNCTION = YES;
				GCC_WARN_UNUSED_VARIABLE = YES;
				IPHONEOS_DEPLOYMENT_TARGET = 10.2;
				MTL_ENABLE_DEBUG_INFO = YES;
				ONLY_ACTIVE_ARCH = YES;
				SDKROOT = iphoneos;
				SWIFT_ACTIVE_COMPILATION_CONDITIONS = DEBUG;
				SWIFT_OPTIMIZATION_LEVEL = "-Onone";
			};
			name = Debug;
		};
		CDBABDCF1ECBF22800EF0B5F /* Release */ = {
			isa = XCBuildConfiguration;
			buildSettings = {
				ALWAYS_SEARCH_USER_PATHS = NO;
				CLANG_ANALYZER_NONNULL = YES;
				CLANG_CXX_LANGUAGE_STANDARD = "gnu++0x";
				CLANG_CXX_LIBRARY = "libc++";
				CLANG_ENABLE_MODULES = YES;
				CLANG_ENABLE_OBJC_ARC = YES;
				CLANG_WARN_BOOL_CONVERSION = YES;
				CLANG_WARN_CONSTANT_CONVERSION = YES;
				CLANG_WARN_DIRECT_OBJC_ISA_USAGE = YES_ERROR;
				CLANG_WARN_DOCUMENTATION_COMMENTS = YES;
				CLANG_WARN_EMPTY_BODY = YES;
				CLANG_WARN_ENUM_CONVERSION = YES;
				CLANG_WARN_INFINITE_RECURSION = YES;
				CLANG_WARN_INT_CONVERSION = YES;
				CLANG_WARN_OBJC_ROOT_CLASS = YES_ERROR;
				CLANG_WARN_SUSPICIOUS_MOVE = YES;
				CLANG_WARN_UNREACHABLE_CODE = YES;
				CLANG_WARN__DUPLICATE_METHOD_MATCH = YES;
				"CODE_SIGN_IDENTITY[sdk=iphoneos*]" = "iPhone Developer";
				COPY_PHASE_STRIP = NO;
				DEBUG_INFORMATION_FORMAT = "dwarf-with-dsym";
				ENABLE_NS_ASSERTIONS = NO;
				ENABLE_STRICT_OBJC_MSGSEND = YES;
				GCC_C_LANGUAGE_STANDARD = gnu99;
				GCC_NO_COMMON_BLOCKS = YES;
				GCC_WARN_64_TO_32_BIT_CONVERSION = YES;
				GCC_WARN_ABOUT_RETURN_TYPE = YES_ERROR;
				GCC_WARN_UNDECLARED_SELECTOR = YES;
				GCC_WARN_UNINITIALIZED_AUTOS = YES_AGGRESSIVE;
				GCC_WARN_UNUSED_FUNCTION = YES;
				GCC_WARN_UNUSED_VARIABLE = YES;
				IPHONEOS_DEPLOYMENT_TARGET = 10.2;
				MTL_ENABLE_DEBUG_INFO = NO;
				SDKROOT = iphoneos;
				SWIFT_OPTIMIZATION_LEVEL = "-Owholemodule";
				VALIDATE_PRODUCT = YES;
			};
			name = Release;
		};
		CDBABDD11ECBF22800EF0B5F /* Debug */ = {
			isa = XCBuildConfiguration;
			buildSettings = {
				ASSETCATALOG_COMPILER_APPICON_NAME = AppIcon;
				DEVELOPMENT_TEAM = 86WZPAWRAE;
				INFOPLIST_FILE = TodoList/Info.plist;
				LD_RUNPATH_SEARCH_PATHS = "$(inherited) @executable_path/Frameworks";
				PRODUCT_BUNDLE_IDENTIFIER = info.xiaomo.TodoList;
				PRODUCT_NAME = "$(TARGET_NAME)";
				SWIFT_VERSION = 3.0;
			};
			name = Debug;
		};
		CDBABDD21ECBF22800EF0B5F /* Release */ = {
			isa = XCBuildConfiguration;
			buildSettings = {
				ASSETCATALOG_COMPILER_APPICON_NAME = AppIcon;
				DEVELOPMENT_TEAM = 86WZPAWRAE;
				INFOPLIST_FILE = TodoList/Info.plist;
				LD_RUNPATH_SEARCH_PATHS = "$(inherited) @executable_path/Frameworks";
				PRODUCT_BUNDLE_IDENTIFIER = info.xiaomo.TodoList;
				PRODUCT_NAME = "$(TARGET_NAME)";
				SWIFT_VERSION = 3.0;
			};
			name = Release;
		};
/* End XCBuildConfiguration section */

/* Begin XCConfigurationList section */
		CDBABDB91ECBF22700EF0B5F /* Build configuration list for PBXProject "TodoList" */ = {
			isa = XCConfigurationList;
			buildConfigurations = (
				CDBABDCE1ECBF22800EF0B5F /* Debug */,
				CDBABDCF1ECBF22800EF0B5F /* Release */,
			);
			defaultConfigurationIsVisible = 0;
			defaultConfigurationName = Release;
		};
		CDBABDD01ECBF22800EF0B5F /* Build configuration list for PBXNativeTarget "TodoList" */ = {
			isa = XCConfigurationList;
			buildConfigurations = (
				CDBABDD11ECBF22800EF0B5F /* Debug */,
				CDBABDD21ECBF22800EF0B5F /* Release */,
			);
			defaultConfigurationIsVisible = 0;
			defaultConfigurationName = Release;
		};
/* End XCConfigurationList section */
	};
	rootObject = CDBABDB61ECBF22700EF0B5F /* Project object */;
}
